// !$*UTF8*$!
{
	archiveVersion = 1;
	classes = {
	};
	objectVersion = 51;
	objects = {

/* Begin PBXBuildFile section */
		4911535D12C5089BD11336ED /* Pods_MobileClientPinpointTest.framework in Frameworks */ = {isa = PBXBuildFile; fileRef = 67F3980A21AC2A394D4BBA7D /* Pods_MobileClientPinpointTest.framework */; };
		FACEA93C22F390C200CD5835 /* AppDelegate.swift in Sources */ = {isa = PBXBuildFile; fileRef = FACEA93B22F390C200CD5835 /* AppDelegate.swift */; };
		FACEA93E22F390C200CD5835 /* ViewController.swift in Sources */ = {isa = PBXBuildFile; fileRef = FACEA93D22F390C200CD5835 /* ViewController.swift */; };
		FACEA94122F390C200CD5835 /* Main.storyboard in Resources */ = {isa = PBXBuildFile; fileRef = FACEA93F22F390C200CD5835 /* Main.storyboard */; };
		FACEA94322F390C200CD5835 /* Assets.xcassets in Resources */ = {isa = PBXBuildFile; fileRef = FACEA94222F390C200CD5835 /* Assets.xcassets */; };
		FACEA94622F390C200CD5835 /* LaunchScreen.storyboard in Resources */ = {isa = PBXBuildFile; fileRef = FACEA94422F390C200CD5835 /* LaunchScreen.storyboard */; };
		FACEA94E22F391CF00CD5835 /* awsconfiguration.json in Resources */ = {isa = PBXBuildFile; fileRef = FACEA94D22F391CF00CD5835 /* awsconfiguration.json */; };
/* End PBXBuildFile section */

/* Begin PBXFileReference section */
		67F3980A21AC2A394D4BBA7D /* Pods_MobileClientPinpointTest.framework */ = {isa = PBXFileReference; explicitFileType = wrapper.framework; includeInIndex = 0; path = Pods_MobileClientPinpointTest.framework; sourceTree = BUILT_PRODUCTS_DIR; };
		6D585738FFC2AAF17827C4E3 /* Pods-MobileClientPinpointTest.debug.xcconfig */ = {isa = PBXFileReference; includeInIndex = 1; lastKnownFileType = text.xcconfig; name = "Pods-MobileClientPinpointTest.debug.xcconfig"; path = "Target Support Files/Pods-MobileClientPinpointTest/Pods-MobileClientPinpointTest.debug.xcconfig"; sourceTree = "<group>"; };
		7FC3C6D41599BD5B2E5ABF8C /* Pods-MobileClientPinpointTest.release.xcconfig */ = {isa = PBXFileReference; includeInIndex = 1; lastKnownFileType = text.xcconfig; name = "Pods-MobileClientPinpointTest.release.xcconfig"; path = "Target Support Files/Pods-MobileClientPinpointTest/Pods-MobileClientPinpointTest.release.xcconfig"; sourceTree = "<group>"; };
		FACEA93822F390C200CD5835 /* MobileClientPinpointTest.app */ = {isa = PBXFileReference; explicitFileType = wrapper.application; includeInIndex = 0; path = MobileClientPinpointTest.app; sourceTree = BUILT_PRODUCTS_DIR; };
		FACEA93B22F390C200CD5835 /* AppDelegate.swift */ = {isa = PBXFileReference; lastKnownFileType = sourcecode.swift; path = AppDelegate.swift; sourceTree = "<group>"; };
		FACEA93D22F390C200CD5835 /* ViewController.swift */ = {isa = PBXFileReference; lastKnownFileType = sourcecode.swift; path = ViewController.swift; sourceTree = "<group>"; };
		FACEA94022F390C200CD5835 /* Base */ = {isa = PBXFileReference; lastKnownFileType = file.storyboard; name = Base; path = Base.lproj/Main.storyboard; sourceTree = "<group>"; };
		FACEA94222F390C200CD5835 /* Assets.xcassets */ = {isa = PBXFileReference; lastKnownFileType = folder.assetcatalog; path = Assets.xcassets; sourceTree = "<group>"; };
		FACEA94522F390C200CD5835 /* Base */ = {isa = PBXFileReference; lastKnownFileType = file.storyboard; name = Base; path = Base.lproj/LaunchScreen.storyboard; sourceTree = "<group>"; };
		FACEA94722F390C200CD5835 /* Info.plist */ = {isa = PBXFileReference; lastKnownFileType = text.plist.xml; path = Info.plist; sourceTree = "<group>"; };
		FACEA94D22F391CF00CD5835 /* awsconfiguration.json */ = {isa = PBXFileReference; fileEncoding = 4; lastKnownFileType = text.json; path = awsconfiguration.json; sourceTree = SOURCE_ROOT; };
/* End PBXFileReference section */

/* Begin PBXFrameworksBuildPhase section */
		FACEA93522F390C200CD5835 /* Frameworks */ = {
			isa = PBXFrameworksBuildPhase;
			buildActionMask = 2147483647;
			files = (
				4911535D12C5089BD11336ED /* Pods_MobileClientPinpointTest.framework in Frameworks */,
			);
			runOnlyForDeploymentPostprocessing = 0;
		};
/* End PBXFrameworksBuildPhase section */

/* Begin PBXGroup section */
		613CD26550F890064F3A7D01 /* Frameworks */ = {
			isa = PBXGroup;
			children = (
				67F3980A21AC2A394D4BBA7D /* Pods_MobileClientPinpointTest.framework */,
			);
			name = Frameworks;
			sourceTree = "<group>";
		};
		C0A014B70D8C4CA2A74A4774 /* Pods */ = {
			isa = PBXGroup;
			children = (
				6D585738FFC2AAF17827C4E3 /* Pods-MobileClientPinpointTest.debug.xcconfig */,
				7FC3C6D41599BD5B2E5ABF8C /* Pods-MobileClientPinpointTest.release.xcconfig */,
			);
			path = Pods;
			sourceTree = "<group>";
		};
		FACEA92F22F390C200CD5835 = {
			isa = PBXGroup;
			children = (
				FACEA93A22F390C200CD5835 /* MobileClientPinpointTest */,
				FACEA93922F390C200CD5835 /* Products */,
				C0A014B70D8C4CA2A74A4774 /* Pods */,
				613CD26550F890064F3A7D01 /* Frameworks */,
			);
			sourceTree = "<group>";
		};
		FACEA93922F390C200CD5835 /* Products */ = {
			isa = PBXGroup;
			children = (
				FACEA93822F390C200CD5835 /* MobileClientPinpointTest.app */,
			);
			name = Products;
			sourceTree = "<group>";
		};
		FACEA93A22F390C200CD5835 /* MobileClientPinpointTest */ = {
			isa = PBXGroup;
			children = (
				FACEA94D22F391CF00CD5835 /* awsconfiguration.json */,
				FACEA93B22F390C200CD5835 /* AppDelegate.swift */,
				FACEA93D22F390C200CD5835 /* ViewController.swift */,
				FACEA93F22F390C200CD5835 /* Main.storyboard */,
				FACEA94222F390C200CD5835 /* Assets.xcassets */,
				FACEA94422F390C200CD5835 /* LaunchScreen.storyboard */,
				FACEA94722F390C200CD5835 /* Info.plist */,
			);
			path = MobileClientPinpointTest;
			sourceTree = "<group>";
		};
/* End PBXGroup section */

/* Begin PBXNativeTarget section */
		FACEA93722F390C200CD5835 /* MobileClientPinpointTest */ = {
			isa = PBXNativeTarget;
			buildConfigurationList = FACEA94A22F390C200CD5835 /* Build configuration list for PBXNativeTarget "MobileClientPinpointTest" */;
			buildPhases = (
				57BD2B012ADFADC18D45F50B /* [CP] Check Pods Manifest.lock */,
				FACEA94F22F3929900CD5835 /* Swiftlint */,
				FACEA93422F390C200CD5835 /* Sources */,
				FACEA93522F390C200CD5835 /* Frameworks */,
				FACEA93622F390C200CD5835 /* Resources */,
				817D66518091A8AB8843201E /* [CP] Embed Pods Frameworks */,
			);
			buildRules = (
			);
			dependencies = (
			);
			name = MobileClientPinpointTest;
			productName = MobileClientPinpointTest;
			productReference = FACEA93822F390C200CD5835 /* MobileClientPinpointTest.app */;
			productType = "com.apple.product-type.application";
		};
/* End PBXNativeTarget section */

/* Begin PBXProject section */
		FACEA93022F390C200CD5835 /* Project object */ = {
			isa = PBXProject;
			attributes = {
				LastSwiftUpdateCheck = 1030;
				LastUpgradeCheck = 1030;
				ORGANIZATIONNAME = "Amazon Web Services";
				TargetAttributes = {
					FACEA93722F390C200CD5835 = {
						CreatedOnToolsVersion = 10.3;
					};
				};
			};
			buildConfigurationList = FACEA93322F390C200CD5835 /* Build configuration list for PBXProject "MobileClientPinpointTest" */;
			compatibilityVersion = "Xcode 9.3";
			developmentRegion = en;
			hasScannedForEncodings = 0;
			knownRegions = (
				en,
				Base,
			);
			mainGroup = FACEA92F22F390C200CD5835;
			productRefGroup = FACEA93922F390C200CD5835 /* Products */;
			projectDirPath = "";
			projectRoot = "";
			targets = (
				FACEA93722F390C200CD5835 /* MobileClientPinpointTest */,
			);
		};
/* End PBXProject section */

/* Begin PBXResourcesBuildPhase section */
		FACEA93622F390C200CD5835 /* Resources */ = {
			isa = PBXResourcesBuildPhase;
			buildActionMask = 2147483647;
			files = (
				FACEA94E22F391CF00CD5835 /* awsconfiguration.json in Resources */,
				FACEA94622F390C200CD5835 /* LaunchScreen.storyboard in Resources */,
				FACEA94322F390C200CD5835 /* Assets.xcassets in Resources */,
				FACEA94122F390C200CD5835 /* Main.storyboard in Resources */,
			);
			runOnlyForDeploymentPostprocessing = 0;
		};
/* End PBXResourcesBuildPhase section */

/* Begin PBXShellScriptBuildPhase section */
		57BD2B012ADFADC18D45F50B /* [CP] Check Pods Manifest.lock */ = {
			isa = PBXShellScriptBuildPhase;
			buildActionMask = 2147483647;
			files = (
			);
			inputFileListPaths = (
			);
			inputPaths = (
				"${PODS_PODFILE_DIR_PATH}/Podfile.lock",
				"${PODS_ROOT}/Manifest.lock",
			);
			name = "[CP] Check Pods Manifest.lock";
			outputFileListPaths = (
			);
			outputPaths = (
				"$(DERIVED_FILE_DIR)/Pods-MobileClientPinpointTest-checkManifestLockResult.txt",
			);
			runOnlyForDeploymentPostprocessing = 0;
			shellPath = /bin/sh;
			shellScript = "diff \"${PODS_PODFILE_DIR_PATH}/Podfile.lock\" \"${PODS_ROOT}/Manifest.lock\" > /dev/null\nif [ $? != 0 ] ; then\n    # print error to STDERR\n    echo \"error: The sandbox is not in sync with the Podfile.lock. Run 'pod install' or update your CocoaPods installation.\" >&2\n    exit 1\nfi\n# This output is used by Xcode 'outputs' to avoid re-running this script phase.\necho \"SUCCESS\" > \"${SCRIPT_OUTPUT_FILE_0}\"\n";
			showEnvVarsInLog = 0;
		};
		817D66518091A8AB8843201E /* [CP] Embed Pods Frameworks */ = {
			isa = PBXShellScriptBuildPhase;
			buildActionMask = 2147483647;
			files = (
			);
			inputFileListPaths = (
				"${PODS_ROOT}/Target Support Files/Pods-MobileClientPinpointTest/Pods-MobileClientPinpointTest-frameworks-${CONFIGURATION}-input-files.xcfilelist",
			);
			name = "[CP] Embed Pods Frameworks";
			outputFileListPaths = (
				"${PODS_ROOT}/Target Support Files/Pods-MobileClientPinpointTest/Pods-MobileClientPinpointTest-frameworks-${CONFIGURATION}-output-files.xcfilelist",
			);
			runOnlyForDeploymentPostprocessing = 0;
			shellPath = /bin/sh;
			shellScript = "\"${PODS_ROOT}/Target Support Files/Pods-MobileClientPinpointTest/Pods-MobileClientPinpointTest-frameworks.sh\"\n";
			showEnvVarsInLog = 0;
		};
		FACEA94F22F3929900CD5835 /* Swiftlint */ = {
			isa = PBXShellScriptBuildPhase;
			buildActionMask = 2147483647;
			files = (
			);
			inputFileListPaths = (
			);
			inputPaths = (
			);
			name = Swiftlint;
			outputFileListPaths = (
			);
			outputPaths = (
			);
			runOnlyForDeploymentPostprocessing = 0;
			shellPath = /bin/sh;
			shellScript = "if which swiftlint >/dev/null; then\nswiftlint\nelse\necho \"warning: SwiftLint not installed, download from https://github.com/realm/SwiftLint\"\nfi\n";
		};
/* End PBXShellScriptBuildPhase section */

/* Begin PBXSourcesBuildPhase section */
		FACEA93422F390C200CD5835 /* Sources */ = {
			isa = PBXSourcesBuildPhase;
			buildActionMask = 2147483647;
			files = (
				FACEA93E22F390C200CD5835 /* ViewController.swift in Sources */,
				FACEA93C22F390C200CD5835 /* AppDelegate.swift in Sources */,
			);
			runOnlyForDeploymentPostprocessing = 0;
		};
/* End PBXSourcesBuildPhase section */

/* Begin PBXVariantGroup section */
		FACEA93F22F390C200CD5835 /* Main.storyboard */ = {
			isa = PBXVariantGroup;
			children = (
				FACEA94022F390C200CD5835 /* Base */,
			);
			name = Main.storyboard;
			sourceTree = "<group>";
		};
		FACEA94422F390C200CD5835 /* LaunchScreen.storyboard */ = {
			isa = PBXVariantGroup;
			children = (
				FACEA94522F390C200CD5835 /* Base */,
			);
			name = LaunchScreen.storyboard;
			sourceTree = "<group>";
		};
/* End PBXVariantGroup section */

/* Begin XCBuildConfiguration section */
		FACEA94822F390C200CD5835 /* Debug */ = {
			isa = XCBuildConfiguration;
			buildSettings = {
				ALWAYS_SEARCH_USER_PATHS = NO;
				CLANG_ANALYZER_NONNULL = YES;
				CLANG_ANALYZER_NUMBER_OBJECT_CONVERSION = YES_AGGRESSIVE;
				CLANG_CXX_LANGUAGE_STANDARD = "gnu++14";
				CLANG_CXX_LIBRARY = "libc++";
				CLANG_ENABLE_MODULES = YES;
				CLANG_ENABLE_OBJC_ARC = YES;
				CLANG_ENABLE_OBJC_WEAK = YES;
				CLANG_WARN_BLOCK_CAPTURE_AUTORELEASING = YES;
				CLANG_WARN_BOOL_CONVERSION = YES;
				CLANG_WARN_COMMA = YES;
				CLANG_WARN_CONSTANT_CONVERSION = YES;
				CLANG_WARN_DEPRECATED_OBJC_IMPLEMENTATIONS = YES;
				CLANG_WARN_DIRECT_OBJC_ISA_USAGE = YES_ERROR;
				CLANG_WARN_DOCUMENTATION_COMMENTS = YES;
				CLANG_WARN_EMPTY_BODY = YES;
				CLANG_WARN_ENUM_CONVERSION = YES;
				CLANG_WARN_INFINITE_RECURSION = YES;
				CLANG_WARN_INT_CONVERSION = YES;
				CLANG_WARN_NON_LITERAL_NULL_CONVERSION = YES;
				CLANG_WARN_OBJC_IMPLICIT_RETAIN_SELF = YES;
				CLANG_WARN_OBJC_LITERAL_CONVERSION = YES;
				CLANG_WARN_OBJC_ROOT_CLASS = YES_ERROR;
				CLANG_WARN_RANGE_LOOP_ANALYSIS = YES;
				CLANG_WARN_STRICT_PROTOTYPES = YES;
				CLANG_WARN_SUSPICIOUS_MOVE = YES;
				CLANG_WARN_UNGUARDED_AVAILABILITY = YES_AGGRESSIVE;
				CLANG_WARN_UNREACHABLE_CODE = YES;
				CLANG_WARN__DUPLICATE_METHOD_MATCH = YES;
				CODE_SIGN_IDENTITY = "iPhone Developer";
				COPY_PHASE_STRIP = NO;
				DEBUG_INFORMATION_FORMAT = dwarf;
				ENABLE_STRICT_OBJC_MSGSEND = YES;
				ENABLE_TESTABILITY = YES;
				GCC_C_LANGUAGE_STANDARD = gnu11;
				GCC_DYNAMIC_NO_PIC = NO;
				GCC_NO_COMMON_BLOCKS = YES;
				GCC_OPTIMIZATION_LEVEL = 0;
				GCC_PREPROCESSOR_DEFINITIONS = (
					"DEBUG=1",
					"$(inherited)",
				);
				GCC_WARN_64_TO_32_BIT_CONVERSION = YES;
				GCC_WARN_ABOUT_RETURN_TYPE = YES_ERROR;
				GCC_WARN_UNDECLARED_SELECTOR = YES;
				GCC_WARN_UNINITIALIZED_AUTOS = YES_AGGRESSIVE;
				GCC_WARN_UNUSED_FUNCTION = YES;
				GCC_WARN_UNUSED_VARIABLE = YES;
				IPHONEOS_DEPLOYMENT_TARGET = 12.4;
				MTL_ENABLE_DEBUG_INFO = INCLUDE_SOURCE;
				MTL_FAST_MATH = YES;
				ONLY_ACTIVE_ARCH = YES;
				SDKROOT = iphoneos;
				SWIFT_ACTIVE_COMPILATION_CONDITIONS = DEBUG;
				SWIFT_OPTIMIZATION_LEVEL = "-Onone";
			};
			name = Debug;
		};
		FACEA94922F390C200CD5835 /* Release */ = {
			isa = XCBuildConfiguration;
			buildSettings = {
				ALWAYS_SEARCH_USER_PATHS = NO;
				CLANG_ANALYZER_NONNULL = YES;
				CLANG_ANALYZER_NUMBER_OBJECT_CONVERSION = YES_AGGRESSIVE;
				CLANG_CXX_LANGUAGE_STANDARD = "gnu++14";
				CLANG_CXX_LIBRARY = "libc++";
				CLANG_ENABLE_MODULES = YES;
				CLANG_ENABLE_OBJC_ARC = YES;
				CLANG_ENABLE_OBJC_WEAK = YES;
				CLANG_WARN_BLOCK_CAPTURE_AUTORELEASING = YES;
				CLANG_WARN_BOOL_CONVERSION = YES;
				CLANG_WARN_COMMA = YES;
				CLANG_WARN_CONSTANT_CONVERSION = YES;
				CLANG_WARN_DEPRECATED_OBJC_IMPLEMENTATIONS = YES;
				CLANG_WARN_DIRECT_OBJC_ISA_USAGE = YES_ERROR;
				CLANG_WARN_DOCUMENTATION_COMMENTS = YES;
				CLANG_WARN_EMPTY_BODY = YES;
				CLANG_WARN_ENUM_CONVERSION = YES;
				CLANG_WARN_INFINITE_RECURSION = YES;
				CLANG_WARN_INT_CONVERSION = YES;
				CLANG_WARN_NON_LITERAL_NULL_CONVERSION = YES;
				CLANG_WARN_OBJC_IMPLICIT_RETAIN_SELF = YES;
				CLANG_WARN_OBJC_LITERAL_CONVERSION = YES;
				CLANG_WARN_OBJC_ROOT_CLASS = YES_ERROR;
				CLANG_WARN_RANGE_LOOP_ANALYSIS = YES;
				CLANG_WARN_STRICT_PROTOTYPES = YES;
				CLANG_WARN_SUSPICIOUS_MOVE = YES;
				CLANG_WARN_UNGUARDED_AVAILABILITY = YES_AGGRESSIVE;
				CLANG_WARN_UNREACHABLE_CODE = YES;
				CLANG_WARN__DUPLICATE_METHOD_MATCH = YES;
				CODE_SIGN_IDENTITY = "iPhone Developer";
				COPY_PHASE_STRIP = NO;
				DEBUG_INFORMATION_FORMAT = "dwarf-with-dsym";
				ENABLE_NS_ASSERTIONS = NO;
				ENABLE_STRICT_OBJC_MSGSEND = YES;
				GCC_C_LANGUAGE_STANDARD = gnu11;
				GCC_NO_COMMON_BLOCKS = YES;
				GCC_WARN_64_TO_32_BIT_CONVERSION = YES;
				GCC_WARN_ABOUT_RETURN_TYPE = YES_ERROR;
				GCC_WARN_UNDECLARED_SELECTOR = YES;
				GCC_WARN_UNINITIALIZED_AUTOS = YES_AGGRESSIVE;
				GCC_WARN_UNUSED_FUNCTION = YES;
				GCC_WARN_UNUSED_VARIABLE = YES;
				IPHONEOS_DEPLOYMENT_TARGET = 12.4;
				MTL_ENABLE_DEBUG_INFO = NO;
				MTL_FAST_MATH = YES;
				SDKROOT = iphoneos;
				SWIFT_COMPILATION_MODE = wholemodule;
				SWIFT_OPTIMIZATION_LEVEL = "-O";
				VALIDATE_PRODUCT = YES;
			};
			name = Release;
		};
		FACEA94B22F390C200CD5835 /* Debug */ = {
			isa = XCBuildConfiguration;
			baseConfigurationReference = 6D585738FFC2AAF17827C4E3 /* Pods-MobileClientPinpointTest.debug.xcconfig */;
			buildSettings = {
				ASSETCATALOG_COMPILER_APPICON_NAME = AppIcon;
				CODE_SIGN_STYLE = Automatic;
				INFOPLIST_FILE = MobileClientPinpointTest/Info.plist;
				LD_RUNPATH_SEARCH_PATHS = (
					"$(inherited)",
					"@executable_path/Frameworks",
				);
				PRODUCT_BUNDLE_IDENTIFIER = com.amazonaws.MobileClientPinpointTest;
				PRODUCT_NAME = "$(TARGET_NAME)";
				SWIFT_VERSION = 5.0;
				TARGETED_DEVICE_FAMILY = "1,2";
			};
			name = Debug;
		};
		FACEA94C22F390C200CD5835 /* Release */ = {
			isa = XCBuildConfiguration;
			baseConfigurationReference = 7FC3C6D41599BD5B2E5ABF8C /* Pods-MobileClientPinpointTest.release.xcconfig */;
			buildSettings = {
				ASSETCATALOG_COMPILER_APPICON_NAME = AppIcon;
				CODE_SIGN_STYLE = Automatic;
				INFOPLIST_FILE = MobileClientPinpointTest/Info.plist;
				LD_RUNPATH_SEARCH_PATHS = (
					"$(inherited)",
					"@executable_path/Frameworks",
				);
				PRODUCT_BUNDLE_IDENTIFIER = com.amazonaws.MobileClientPinpointTest;
				PRODUCT_NAME = "$(TARGET_NAME)";
				SWIFT_VERSION = 5.0;
				TARGETED_DEVICE_FAMILY = "1,2";
			};
			name = Release;
		};
/* End XCBuildConfiguration section */

/* Begin XCConfigurationList section */
		FACEA93322F390C200CD5835 /* Build configuration list for PBXProject "MobileClientPinpointTest" */ = {
			isa = XCConfigurationList;
			buildConfigurations = (
				FACEA94822F390C200CD5835 /* Debug */,
				FACEA94922F390C200CD5835 /* Release */,
			);
			defaultConfigurationIsVisible = 0;
			defaultConfigurationName = Release;
		};
		FACEA94A22F390C200CD5835 /* Build configuration list for PBXNativeTarget "MobileClientPinpointTest" */ = {
			isa = XCConfigurationList;
			buildConfigurations = (
				FACEA94B22F390C200CD5835 /* Debug */,
				FACEA94C22F390C200CD5835 /* Release */,
			);
			defaultConfigurationIsVisible = 0;
			defaultConfigurationName = Release;
		};
/* End XCConfigurationList section */
	};
	rootObject = FACEA93022F390C200CD5835 /* Project object */;
}
